
Microsoft Visual Studio Solution File, Format Version 12.00
# Visual Studio Version 17
VisualStudioVersion = 17.10.35013.160
MinimumVisualStudioVersion = 10.0.40219.1
Project("{FAE04EC0-301F-11D3-BF4B-00C04F79EFBC}") = "DotNetCoreSeriLogDemo", "DotNetCoreSeriLogDemo.csproj", "{B1F451E8-F5F9-4EB9-A016-F1709FC5AB4D}"
EndProject
Global
	GlobalSection(SolutionConfigurationPlatforms) = preSolution
		Debug|Any CPU = Debug|Any CPU
		Release|Any CPU = Release|Any CPU
	EndGlobalSection
	GlobalSection(ProjectConfigurationPlatforms) = postSolution
		{B1F451E8-F5F9-4EB9-A016-F1709FC5AB4D}.Debug|Any CPU.ActiveCfg = Debug|Any CPU
		{B1F451E8-F5F9-4EB9-A016-F1709FC5AB4D}.Debug|Any CPU.Build.0 = Debug|Any CPU
		{B1F451E8-F5F9-4EB9-A016-F1709FC5AB4D}.Release|Any CPU.ActiveCfg = Release|Any CPU
		{B1F451E8-F5F9-4EB9-A016-F1709FC5AB4D}.Release|Any CPU.Build.0 = Release|Any CPU
	EndGlobalSection
	GlobalSection(SolutionProperties) = preSolution
		HideSolutionNode = FALSE
	EndGlobalSection
	GlobalSection(ExtensibilityGlobals) = postSolution
		SolutionGuid = {6CC4AEEE-D14A-4DC5-9FE4-B70223AD3AC5}
	EndGlobalSection
EndGlobal
